
Microsoft Visual Studio Solution File, Format Version 12.00
# Visual Studio Version 16
VisualStudioVersion = 16.0.31410.357
MinimumVisualStudioVersion = 10.0.40219.1
Project("{FAE04EC0-301F-11D3-BF4B-00C04F79EFBC}") = "Customer_Login", "Customer_Login\Customer_Login.csproj", "{A5E8D58A-9784-4150-9E80-B8B3AF8DB07C}"
EndProject
Global
	GlobalSection(SolutionConfigurationPlatforms) = preSolution
		Debug|Any CPU = Debug|Any CPU
		Release|Any CPU = Release|Any CPU
	EndGlobalSection
	GlobalSection(ProjectConfigurationPlatforms) = postSolution
		{A5E8D58A-9784-4150-9E80-B8B3AF8DB07C}.Debug|Any CPU.ActiveCfg = Debug|Any CPU
		{A5E8D58A-9784-4150-9E80-B8B3AF8DB07C}.Debug|Any CPU.Build.0 = Debug|Any CPU
		{A5E8D58A-9784-4150-9E80-B8B3AF8DB07C}.Release|Any CPU.ActiveCfg = Release|Any CPU
		{A5E8D58A-9784-4150-9E80-B8B3AF8DB07C}.Release|Any CPU.Build.0 = Release|Any CPU
	EndGlobalSection
	GlobalSection(SolutionProperties) = preSolution
		HideSolutionNode = FALSE
	EndGlobalSection
	GlobalSection(ExtensibilityGlobals) = postSolution
		SolutionGuid = {CC8F957B-29D3-4EEA-873F-81A256C04395}
	EndGlobalSection
EndGlobal
